
Microsoft Visual Studio Solution File, Format Version 12.00
# Visual Studio Version 16
VisualStudioVersion = 16.0.31321.278
MinimumVisualStudioVersion = 10.0.40219.1
Project("{FAE04EC0-301F-11D3-BF4B-00C04F79EFBC}") = "steganography_ui", "steganography_ui\steganography_ui.csproj", "{613A2661-2AA1-4E29-AA92-BF5A50E8E187}"
EndProject
Global
	GlobalSection(SolutionConfigurationPlatforms) = preSolution
		Debug|Any CPU = Debug|Any CPU
		Release|Any CPU = Release|Any CPU
	EndGlobalSection
	GlobalSection(ProjectConfigurationPlatforms) = postSolution
		{613A2661-2AA1-4E29-AA92-BF5A50E8E187}.Debug|Any CPU.ActiveCfg = Debug|Any CPU
		{613A2661-2AA1-4E29-AA92-BF5A50E8E187}.Debug|Any CPU.Build.0 = Debug|Any CPU
		{613A2661-2AA1-4E29-AA92-BF5A50E8E187}.Release|Any CPU.ActiveCfg = Release|Any CPU
		{613A2661-2AA1-4E29-AA92-BF5A50E8E187}.Release|Any CPU.Build.0 = Release|Any CPU
	EndGlobalSection
	GlobalSection(SolutionProperties) = preSolution
		HideSolutionNode = FALSE
	EndGlobalSection
	GlobalSection(ExtensibilityGlobals) = postSolution
		SolutionGuid = {199075D1-CC25-4ACE-9EA6-613D40D2BF03}
	EndGlobalSection
EndGlobal
